{
  "name": "insight.domplate.reps",
  "version": "0.0.0",
  "lockfileVersion": 1,
  "requires": true,
  "dependencies": {
    "bash.origin": {
      "version": "0.1.90",
      "dev": true,
      "dependencies": {
        "bash.origin.test": {
          "bundled": true,
          "dependencies": {
            "bash.origin": {
              "bundled": true,
              "dependencies": {
                "bash.origin.test": {
                  "bundled": true,
                  "dependencies": {}
                }
              }
            }
          }
        }
      }
    },
    "bash.origin.workspace": {
      "version": "0.3.1",
      "resolved": "https://registry.npmjs.org/bash.origin.workspace/-/bash.origin.workspace-0.3.1.tgz",
      "integrity": "sha1-OjIqpYx5Pk5QOasqpBnU5kYcqJQ=",
      "dev": true,
      "requires": {
        "bash.origin": "^0.1.90"
      }
    },
    "deepmerge": {
      "version": "2.1.1",
      "resolved": "https://registry.npmjs.org/deepmerge/-/deepmerge-2.1.1.tgz",
      "integrity": "sha512-urQxA1smbLZ2cBbXbaYObM1dJ82aJ2H57A1C/Kklfh/ZN1bgH4G/n5KWhdNfOK11W98gqZfyYj7W4frJJRwA2w=="
    },
    "domplate": {
      "version": "0.3.0",
      "resolved": "https://registry.npmjs.org/domplate/-/domplate-0.3.0.tgz",
      "integrity": "sha512-mZkNrx4x25dn1V/8iCnFQWEwH8mEk4cwXcPvjwrwQCgrdPBttUH2nQWF1zuVpOM+wI4fb8gndRFKByS4YBs90g==",
      "requires": {
        "deepmerge": "^2.1.1"
      }
    }
  }
}
